
Microsoft Visual Studio Solution File, Format Version 12.00
# Visual Studio Version 17
VisualStudioVersion = 17.1.32328.378
MinimumVisualStudioVersion = 10.0.40219.1
Project("{FAE04EC0-301F-11D3-BF4B-00C04F79EFBC}") = "Obiektomierz", "Obiektomierz\Obiektomierz.csproj", "{9C696470-E2E6-4CED-848C-7803001FDD29}"
EndProject
Global
	GlobalSection(SolutionConfigurationPlatforms) = preSolution
		Debug|Any CPU = Debug|Any CPU
		Release|Any CPU = Release|Any CPU
	EndGlobalSection
	GlobalSection(ProjectConfigurationPlatforms) = postSolution
		{9C696470-E2E6-4CED-848C-7803001FDD29}.Debug|Any CPU.ActiveCfg = Debug|Any CPU
		{9C696470-E2E6-4CED-848C-7803001FDD29}.Debug|Any CPU.Build.0 = Debug|Any CPU
		{9C696470-E2E6-4CED-848C-7803001FDD29}.Release|Any CPU.ActiveCfg = Release|Any CPU
		{9C696470-E2E6-4CED-848C-7803001FDD29}.Release|Any CPU.Build.0 = Release|Any CPU
	EndGlobalSection
	GlobalSection(SolutionProperties) = preSolution
		HideSolutionNode = FALSE
	EndGlobalSection
	GlobalSection(ExtensibilityGlobals) = postSolution
		SolutionGuid = {EEF02E33-08A8-442F-AEBE-76653A51E4B0}
	EndGlobalSection
EndGlobal
